// !$*UTF8*$!
{
	archiveVersion = 1;
	classes = {
	};
	objectVersion = 77;
	objects = {

/* Begin PBXBuildFile section */
		FFF407D62E595D2C00BD7E1B /* Supabase in Frameworks */ = {isa = PBXBuildFile; productRef = FFF407D52E595D2C00BD7E1B /* Supabase */; };
/* End PBXBuildFile section */

/* Begin PBXContainerItemProxy section */
		FFDCE2732E5426B900408C90 /* PBXContainerItemProxy */ = {
			isa = PBXContainerItemProxy;
			containerPortal = FFDCE2582E5426B800408C90 /* Project object */;
			proxyType = 1;
			remoteGlobalIDString = FFDCE25F2E5426B800408C90;
			remoteInfo = "Trend Scout";
		};
		FFDCE27D2E5426B900408C90 /* PBXContainerItemProxy */ = {
			isa = PBXContainerItemProxy;
			containerPortal = FFDCE2582E5426B800408C90 /* Project object */;
			proxyType = 1;
			remoteGlobalIDString = FFDCE25F2E5426B800408C90;
			remoteInfo = "Trend Scout";
		};
/* End PBXContainerItemProxy section */

/* Begin PBXFileReference section */
		FFDCE2602E5426B800408C90 /* Trend Scout.app */ = {isa = PBXFileReference; explicitFileType = wrapper.application; includeInIndex = 0; path = "Trend Scout.app"; sourceTree = BUILT_PRODUCTS_DIR; };
		FFDCE2722E5426B900408C90 /* Trend ScoutTests.xctest */ = {isa = PBXFileReference; explicitFileType = wrapper.cfbundle; includeInIndex = 0; path = "Trend ScoutTests.xctest"; sourceTree = BUILT_PRODUCTS_DIR; };
		FFDCE27C2E5426B900408C90 /* Trend ScoutUITests.xctest */ = {isa = PBXFileReference; explicitFileType = wrapper.cfbundle; includeInIndex = 0; path = "Trend ScoutUITests.xctest"; sourceTree = BUILT_PRODUCTS_DIR; };
/* End PBXFileReference section */

/* Begin PBXFileSystemSynchronizedRootGroup section */
		FFDCE2622E5426B800408C90 /* Trend Scout */ = {
			isa = PBXFileSystemSynchronizedRootGroup;
			path = "Trend Scout";
			sourceTree = "<group>";
		};
		FFDCE2752E5426B900408C90 /* Trend ScoutTests */ = {
			isa = PBXFileSystemSynchronizedRootGroup;
			path = "Trend ScoutTests";
			sourceTree = "<group>";
		};
		FFDCE27F2E5426B900408C90 /* Trend ScoutUITests */ = {
			isa = PBXFileSystemSynchronizedRootGroup;
			path = "Trend ScoutUITests";
			sourceTree = "<group>";
		};
/* End PBXFileSystemSynchronizedRootGroup section */

/* Begin PBXFrameworksBuildPhase section */
		FFDCE25D2E5426B800408C90 /* Frameworks */ = {
			isa = PBXFrameworksBuildPhase;
			buildActionMask = 2147483647;
			files = (
				FFF407D62E595D2C00BD7E1B /* Supabase in Frameworks */,
			);
			runOnlyForDeploymentPostprocessing = 0;
		};
		FFDCE26F2E5426B900408C90 /* Frameworks */ = {
			isa = PBXFrameworksBuildPhase;
			buildActionMask = 2147483647;
			files = (
			);
			runOnlyForDeploymentPostprocessing = 0;
		};
		FFDCE2792E5426B900408C90 /* Frameworks */ = {
			isa = PBXFrameworksBuildPhase;
			buildActionMask = 2147483647;
			files = (
			);
			runOnlyForDeploymentPostprocessing = 0;
		};
/* End PBXFrameworksBuildPhase section */

/* Begin PBXGroup section */
		FFDCE2572E5426B800408C90 = {
			isa = PBXGroup;
			children = (
				FFDCE2622E5426B800408C90 /* Trend Scout */,
				FFDCE2752E5426B900408C90 /* Trend ScoutTests */,
				FFDCE27F2E5426B900408C90 /* Trend ScoutUITests */,
				FFDCE2612E5426B800408C90 /* Products */,
			);
			sourceTree = "<group>";
		};
		FFDCE2612E5426B800408C90 /* Products */ = {
			isa = PBXGroup;
			children = (
				FFDCE2602E5426B800408C90 /* Trend Scout.app */,
				FFDCE2722E5426B900408C90 /* Trend ScoutTests.xctest */,
				FFDCE27C2E5426B900408C90 /* Trend ScoutUITests.xctest */,
			);
			name = Products;
			sourceTree = "<group>";
		};
/* End PBXGroup section */

/* Begin PBXNativeTarget section */
		FFDCE25F2E5426B800408C90 /* Trend Scout */ = {
			isa = PBXNativeTarget;
			buildConfigurationList = FFDCE2862E5426B900408C90 /* Build configuration list for PBXNativeTarget "Trend Scout" */;
			buildPhases = (
				FFDCE25C2E5426B800408C90 /* Sources */,
				FFDCE25D2E5426B800408C90 /* Frameworks */,
				FFDCE25E2E5426B800408C90 /* Resources */,
			);
			buildRules = (
			);
			dependencies = (
			);
			fileSystemSynchronizedGroups = (
				FFDCE2622E5426B800408C90 /* Trend Scout */,
			);
			name = "Trend Scout";
			packageProductDependencies = (
				FFF407D52E595D2C00BD7E1B /* Supabase */,
			);
			productName = "Trend Scout";
			productReference = FFDCE2602E5426B800408C90 /* Trend Scout.app */;
			productType = "com.apple.product-type.application";
		};
		FFDCE2712E5426B900408C90 /* Trend ScoutTests */ = {
			isa = PBXNativeTarget;
			buildConfigurationList = FFDCE2892E5426B900408C90 /* Build configuration list for PBXNativeTarget "Trend ScoutTests" */;
			buildPhases = (
				FFDCE26E2E5426B900408C90 /* Sources */,
				FFDCE26F2E5426B900408C90 /* Frameworks */,
				FFDCE2702E5426B900408C90 /* Resources */,
			);
			buildRules = (
			);
			dependencies = (
				FFDCE2742E5426B900408C90 /* PBXTargetDependency */,
			);
			fileSystemSynchronizedGroups = (
				FFDCE2752E5426B900408C90 /* Trend ScoutTests */,
			);
			name = "Trend ScoutTests";
			packageProductDependencies = (
			);
			productName = "Trend ScoutTests";
			productReference = FFDCE2722E5426B900408C90 /* Trend ScoutTests.xctest */;
			productType = "com.apple.product-type.bundle.unit-test";
		};
		FFDCE27B2E5426B900408C90 /* Trend ScoutUITests */ = {
			isa = PBXNativeTarget;
			buildConfigurationList = FFDCE28C2E5426B900408C90 /* Build configuration list for PBXNativeTarget "Trend ScoutUITests" */;
			buildPhases = (
				FFDCE2782E5426B900408C90 /* Sources */,
				FFDCE2792E5426B900408C90 /* Frameworks */,
				FFDCE27A2E5426B900408C90 /* Resources */,
			);
			buildRules = (
			);
			dependencies = (
				FFDCE27E2E5426B900408C90 /* PBXTargetDependency */,
			);
			fileSystemSynchronizedGroups = (
				FFDCE27F2E5426B900408C90 /* Trend ScoutUITests */,
			);
			name = "Trend ScoutUITests";
			packageProductDependencies = (
			);
			productName = "Trend ScoutUITests";
			productReference = FFDCE27C2E5426B900408C90 /* Trend ScoutUITests.xctest */;
			productType = "com.apple.product-type.bundle.ui-testing";
		};
/* End PBXNativeTarget section */

/* Begin PBXProject section */
		FFDCE2582E5426B800408C90 /* Project object */ = {
			isa = PBXProject;
			attributes = {
				BuildIndependentTargetsInParallel = 1;
				LastSwiftUpdateCheck = 1620;
				LastUpgradeCheck = 1620;
				TargetAttributes = {
					FFDCE25F2E5426B800408C90 = {
						CreatedOnToolsVersion = 16.2;
					};
					FFDCE2712E5426B900408C90 = {
						CreatedOnToolsVersion = 16.2;
						TestTargetID = FFDCE25F2E5426B800408C90;
					};
					FFDCE27B2E5426B900408C90 = {
						CreatedOnToolsVersion = 16.2;
						TestTargetID = FFDCE25F2E5426B800408C90;
					};
				};
			};
			buildConfigurationList = FFDCE25B2E5426B800408C90 /* Build configuration list for PBXProject "Trend Scout" */;
			developmentRegion = en;
			hasScannedForEncodings = 0;
			knownRegions = (
				en,
				Base,
			);
			mainGroup = FFDCE2572E5426B800408C90;
			minimizedProjectReferenceProxies = 1;
			packageReferences = (
				FFF407D42E595D2C00BD7E1B /* XCRemoteSwiftPackageReference "supabase-swift" */,
			);
			preferredProjectObjectVersion = 77;
			productRefGroup = FFDCE2612E5426B800408C90 /* Products */;
			projectDirPath = "";
			projectRoot = "";
			targets = (
				FFDCE25F2E5426B800408C90 /* Trend Scout */,
				FFDCE2712E5426B900408C90 /* Trend ScoutTests */,
				FFDCE27B2E5426B900408C90 /* Trend ScoutUITests */,
			);
		};
/* End PBXProject section */

/* Begin PBXResourcesBuildPhase section */
		FFDCE25E2E5426B800408C90 /* Resources */ = {
			isa = PBXResourcesBuildPhase;
			buildActionMask = 2147483647;
			files = (
			);
			runOnlyForDeploymentPostprocessing = 0;
		};
		FFDCE2702E5426B900408C90 /* Resources */ = {
			isa = PBXResourcesBuildPhase;
			buildActionMask = 2147483647;
			files = (
			);
			runOnlyForDeploymentPostprocessing = 0;
		};
		FFDCE27A2E5426B900408C90 /* Resources */ = {
			isa = PBXResourcesBuildPhase;
			buildActionMask = 2147483647;
			files = (
			);
			runOnlyForDeploymentPostprocessing = 0;
		};
/* End PBXResourcesBuildPhase section */

/* Begin PBXSourcesBuildPhase section */
		FFDCE25C2E5426B800408C90 /* Sources */ = {
			isa = PBXSourcesBuildPhase;
			buildActionMask = 2147483647;
			files = (
			);
			runOnlyForDeploymentPostprocessing = 0;
		};
		FFDCE26E2E5426B900408C90 /* Sources */ = {
			isa = PBXSourcesBuildPhase;
			buildActionMask = 2147483647;
			files = (
			);
			runOnlyForDeploymentPostprocessing = 0;
		};
		FFDCE2782E5426B900408C90 /* Sources */ = {
			isa = PBXSourcesBuildPhase;
			buildActionMask = 2147483647;
			files = (
			);
			runOnlyForDeploymentPostprocessing = 0;
		};
/* End PBXSourcesBuildPhase section */

/* Begin PBXTargetDependency section */
		FFDCE2742E5426B900408C90 /* PBXTargetDependency */ = {
			isa = PBXTargetDependency;
			target = FFDCE25F2E5426B800408C90 /* Trend Scout */;
			targetProxy = FFDCE2732E5426B900408C90 /* PBXContainerItemProxy */;
		};
		FFDCE27E2E5426B900408C90 /* PBXTargetDependency */ = {
			isa = PBXTargetDependency;
			target = FFDCE25F2E5426B800408C90 /* Trend Scout */;
			targetProxy = FFDCE27D2E5426B900408C90 /* PBXContainerItemProxy */;
		};
/* End PBXTargetDependency section */

/* Begin XCBuildConfiguration section */
		FFDCE2842E5426B900408C90 /* Debug */ = {
			isa = XCBuildConfiguration;
			buildSettings = {
				ALWAYS_SEARCH_USER_PATHS = NO;
				ASSETCATALOG_COMPILER_GENERATE_SWIFT_ASSET_SYMBOL_EXTENSIONS = YES;
				CLANG_ANALYZER_NONNULL = YES;
				CLANG_ANALYZER_NUMBER_OBJECT_CONVERSION = YES_AGGRESSIVE;
				CLANG_CXX_LANGUAGE_STANDARD = "gnu++20";
				CLANG_ENABLE_MODULES = YES;
				CLANG_ENABLE_OBJC_ARC = YES;
				CLANG_ENABLE_OBJC_WEAK = YES;
				CLANG_WARN_BLOCK_CAPTURE_AUTORELEASING = YES;
				CLANG_WARN_BOOL_CONVERSION = YES;
				CLANG_WARN_COMMA = YES;
				CLANG_WARN_CONSTANT_CONVERSION = YES;
				CLANG_WARN_DEPRECATED_OBJC_IMPLEMENTATIONS = YES;
				CLANG_WARN_DIRECT_OBJC_ISA_USAGE = YES_ERROR;
				CLANG_WARN_DOCUMENTATION_COMMENTS = YES;
				CLANG_WARN_EMPTY_BODY = YES;
				CLANG_WARN_ENUM_CONVERSION = YES;
				CLANG_WARN_INFINITE_RECURSION = YES;
				CLANG_WARN_INT_CONVERSION = YES;
				CLANG_WARN_NON_LITERAL_NULL_CONVERSION = YES;
				CLANG_WARN_OBJC_IMPLICIT_RETAIN_SELF = YES;
				CLANG_WARN_OBJC_LITERAL_CONVERSION = YES;
				CLANG_WARN_OBJC_ROOT_CLASS = YES_ERROR;
				CLANG_WARN_QUOTED_INCLUDE_IN_FRAMEWORK_HEADER = YES;
				CLANG_WARN_RANGE_LOOP_ANALYSIS = YES;
				CLANG_WARN_STRICT_PROTOTYPES = YES;
				CLANG_WARN_SUSPICIOUS_MOVE = YES;
				CLANG_WARN_UNGUARDED_AVAILABILITY = YES_AGGRESSIVE;
				CLANG_WARN_UNREACHABLE_CODE = YES;
				CLANG_WARN__DUPLICATE_METHOD_MATCH = YES;
				COPY_PHASE_STRIP = NO;
				DEBUG_INFORMATION_FORMAT = dwarf;
				ENABLE_STRICT_OBJC_MSGSEND = YES;
				ENABLE_TESTABILITY = YES;
				ENABLE_USER_SCRIPT_SANDBOXING = YES;
				GCC_C_LANGUAGE_STANDARD = gnu17;
				GCC_DYNAMIC_NO_PIC = NO;
				GCC_NO_COMMON_BLOCKS = YES;
				GCC_OPTIMIZATION_LEVEL = 0;
				GCC_PREPROCESSOR_DEFINITIONS = (
					"DEBUG=1",
					"$(inherited)",
				);
				GCC_WARN_64_TO_32_BIT_CONVERSION = YES;
				GCC_WARN_ABOUT_RETURN_TYPE = YES_ERROR;
				GCC_WARN_UNDECLARED_SELECTOR = YES;
				GCC_WARN_UNINITIALIZED_AUTOS = YES_AGGRESSIVE;
				GCC_WARN_UNUSED_FUNCTION = YES;
				GCC_WARN_UNUSED_VARIABLE = YES;
				IPHONEOS_DEPLOYMENT_TARGET = 18.2;
				LOCALIZATION_PREFERS_STRING_CATALOGS = YES;
				MTL_ENABLE_DEBUG_INFO = INCLUDE_SOURCE;
				MTL_FAST_MATH = YES;
				ONLY_ACTIVE_ARCH = YES;
				SDKROOT = iphoneos;
				SWIFT_ACTIVE_COMPILATION_CONDITIONS = "DEBUG $(inherited)";
				SWIFT_OPTIMIZATION_LEVEL = "-Onone";
			};
			name = Debug;
		};
		FFDCE2852E5426B900408C90 /* Release */ = {
			isa = XCBuildConfiguration;
			buildSettings = {
				ALWAYS_SEARCH_USER_PATHS = NO;
				ASSETCATALOG_COMPILER_GENERATE_SWIFT_ASSET_SYMBOL_EXTENSIONS = YES;
				CLANG_ANALYZER_NONNULL = YES;
				CLANG_ANALYZER_NUMBER_OBJECT_CONVERSION = YES_AGGRESSIVE;
				CLANG_CXX_LANGUAGE_STANDARD = "gnu++20";
				CLANG_ENABLE_MODULES = YES;
				CLANG_ENABLE_OBJC_ARC = YES;
				CLANG_ENABLE_OBJC_WEAK = YES;
				CLANG_WARN_BLOCK_CAPTURE_AUTORELEASING = YES;
				CLANG_WARN_BOOL_CONVERSION = YES;
				CLANG_WARN_COMMA = YES;
				CLANG_WARN_CONSTANT_CONVERSION = YES;
				CLANG_WARN_DEPRECATED_OBJC_IMPLEMENTATIONS = YES;
				CLANG_WARN_DIRECT_OBJC_ISA_USAGE = YES_ERROR;
				CLANG_WARN_DOCUMENTATION_COMMENTS = YES;
				CLANG_WARN_EMPTY_BODY = YES;
				CLANG_WARN_ENUM_CONVERSION = YES;
				CLANG_WARN_INFINITE_RECURSION = YES;
				CLANG_WARN_INT_CONVERSION = YES;
				CLANG_WARN_NON_LITERAL_NULL_CONVERSION = YES;
				CLANG_WARN_OBJC_IMPLICIT_RETAIN_SELF = YES;
				CLANG_WARN_OBJC_LITERAL_CONVERSION = YES;
				CLANG_WARN_OBJC_ROOT_CLASS = YES_ERROR;
				CLANG_WARN_QUOTED_INCLUDE_IN_FRAMEWORK_HEADER = YES;
				CLANG_WARN_RANGE_LOOP_ANALYSIS = YES;
				CLANG_WARN_STRICT_PROTOTYPES = YES;
				CLANG_WARN_SUSPICIOUS_MOVE = YES;
				CLANG_WARN_UNGUARDED_AVAILABILITY = YES_AGGRESSIVE;
				CLANG_WARN_UNREACHABLE_CODE = YES;
				CLANG_WARN__DUPLICATE_METHOD_MATCH = YES;
				COPY_PHASE_STRIP = NO;
				DEBUG_INFORMATION_FORMAT = "dwarf-with-dsym";
				ENABLE_NS_ASSERTIONS = NO;
				ENABLE_STRICT_OBJC_MSGSEND = YES;
				ENABLE_USER_SCRIPT_SANDBOXING = YES;
				GCC_C_LANGUAGE_STANDARD = gnu17;
				GCC_NO_COMMON_BLOCKS = YES;
				GCC_WARN_64_TO_32_BIT_CONVERSION = YES;
				GCC_WARN_ABOUT_RETURN_TYPE = YES_ERROR;
				GCC_WARN_UNDECLARED_SELECTOR = YES;
				GCC_WARN_UNINITIALIZED_AUTOS = YES_AGGRESSIVE;
				GCC_WARN_UNUSED_FUNCTION = YES;
				GCC_WARN_UNUSED_VARIABLE = YES;
				IPHONEOS_DEPLOYMENT_TARGET = 18.2;
				LOCALIZATION_PREFERS_STRING_CATALOGS = YES;
				MTL_ENABLE_DEBUG_INFO = NO;
				MTL_FAST_MATH = YES;
				SDKROOT = iphoneos;
				SWIFT_COMPILATION_MODE = wholemodule;
				VALIDATE_PRODUCT = YES;
			};
			name = Release;
		};
		FFDCE2872E5426B900408C90 /* Debug */ = {
			isa = XCBuildConfiguration;
			buildSettings = {
				ASSETCATALOG_COMPILER_APPICON_NAME = AppIcon;
				ASSETCATALOG_COMPILER_GLOBAL_ACCENT_COLOR_NAME = AccentColor;
				CODE_SIGN_STYLE = Automatic;
				CURRENT_PROJECT_VERSION = 1;
				DEVELOPMENT_ASSET_PATHS = "\"Trend Scout/Preview Content\"";
				DEVELOPMENT_TEAM = 3Y844PZVP4;
				ENABLE_PREVIEWS = YES;
				GENERATE_INFOPLIST_FILE = YES;
				INFOPLIST_KEY_UIApplicationSceneManifest_Generation = YES;
				INFOPLIST_KEY_UIApplicationSupportsIndirectInputEvents = YES;
				INFOPLIST_KEY_UILaunchScreen_Generation = YES;
				INFOPLIST_KEY_UISupportedInterfaceOrientations_iPad = "UIInterfaceOrientationPortrait UIInterfaceOrientationPortraitUpsideDown UIInterfaceOrientationLandscapeLeft UIInterfaceOrientationLandscapeRight";
				INFOPLIST_KEY_UISupportedInterfaceOrientations_iPhone = "UIInterfaceOrientationPortrait UIInterfaceOrientationLandscapeLeft UIInterfaceOrientationLandscapeRight";
				LD_RUNPATH_SEARCH_PATHS = (
					"$(inherited)",
					"@executable_path/Frameworks",
				);
				MARKETING_VERSION = 1.0;
				PRODUCT_BUNDLE_IDENTIFIER = "AmazingNerds.Trend-Scout";
				PRODUCT_NAME = "$(TARGET_NAME)";
				SWIFT_EMIT_LOC_STRINGS = YES;
				SWIFT_VERSION = 5.0;
				TARGETED_DEVICE_FAMILY = "1,2";
			};
			name = Debug;
		};
		FFDCE2882E5426B900408C90 /* Release */ = {
			isa = XCBuildConfiguration;
			buildSettings = {
				ASSETCATALOG_COMPILER_APPICON_NAME = AppIcon;
				ASSETCATALOG_COMPILER_GLOBAL_ACCENT_COLOR_NAME = AccentColor;
				CODE_SIGN_STYLE = Automatic;
				CURRENT_PROJECT_VERSION = 1;
				DEVELOPMENT_ASSET_PATHS = "\"Trend Scout/Preview Content\"";
				DEVELOPMENT_TEAM = 3Y844PZVP4;
				ENABLE_PREVIEWS = YES;
				GENERATE_INFOPLIST_FILE = YES;
				INFOPLIST_KEY_UIApplicationSceneManifest_Generation = YES;
				INFOPLIST_KEY_UIApplicationSupportsIndirectInputEvents = YES;
				INFOPLIST_KEY_UILaunchScreen_Generation = YES;
				INFOPLIST_KEY_UISupportedInterfaceOrientations_iPad = "UIInterfaceOrientationPortrait UIInterfaceOrientationPortraitUpsideDown UIInterfaceOrientationLandscapeLeft UIInterfaceOrientationLandscapeRight";
				INFOPLIST_KEY_UISupportedInterfaceOrientations_iPhone = "UIInterfaceOrientationPortrait UIInterfaceOrientationLandscapeLeft UIInterfaceOrientationLandscapeRight";
				LD_RUNPATH_SEARCH_PATHS = (
					"$(inherited)",
					"@executable_path/Frameworks",
				);
				MARKETING_VERSION = 1.0;
				PRODUCT_BUNDLE_IDENTIFIER = "AmazingNerds.Trend-Scout";
				PRODUCT_NAME = "$(TARGET_NAME)";
				SWIFT_EMIT_LOC_STRINGS = YES;
				SWIFT_VERSION = 5.0;
				TARGETED_DEVICE_FAMILY = "1,2";
			};
			name = Release;
		};
		FFDCE28A2E5426B900408C90 /* Debug */ = {
			isa = XCBuildConfiguration;
			buildSettings = {
				BUNDLE_LOADER = "$(TEST_HOST)";
				CODE_SIGN_STYLE = Automatic;
				CURRENT_PROJECT_VERSION = 1;
				DEVELOPMENT_TEAM = 3Y844PZVP4;
				GENERATE_INFOPLIST_FILE = YES;
				IPHONEOS_DEPLOYMENT_TARGET = 18.2;
				MARKETING_VERSION = 1.0;
				PRODUCT_BUNDLE_IDENTIFIER = "AmazingNerds.Trend-ScoutTests";
				PRODUCT_NAME = "$(TARGET_NAME)";
				SWIFT_EMIT_LOC_STRINGS = NO;
				SWIFT_VERSION = 5.0;
				TARGETED_DEVICE_FAMILY = "1,2";
				TEST_HOST = "$(BUILT_PRODUCTS_DIR)/Trend Scout.app/$(BUNDLE_EXECUTABLE_FOLDER_PATH)/Trend Scout";
			};
			name = Debug;
		};
		FFDCE28B2E5426B900408C90 /* Release */ = {
			isa = XCBuildConfiguration;
			buildSettings = {
				BUNDLE_LOADER = "$(TEST_HOST)";
				CODE_SIGN_STYLE = Automatic;
				CURRENT_PROJECT_VERSION = 1;
				DEVELOPMENT_TEAM = 3Y844PZVP4;
				GENERATE_INFOPLIST_FILE = YES;
				IPHONEOS_DEPLOYMENT_TARGET = 18.2;
				MARKETING_VERSION = 1.0;
				PRODUCT_BUNDLE_IDENTIFIER = "AmazingNerds.Trend-ScoutTests";
				PRODUCT_NAME = "$(TARGET_NAME)";
				SWIFT_EMIT_LOC_STRINGS = NO;
				SWIFT_VERSION = 5.0;
				TARGETED_DEVICE_FAMILY = "1,2";
				TEST_HOST = "$(BUILT_PRODUCTS_DIR)/Trend Scout.app/$(BUNDLE_EXECUTABLE_FOLDER_PATH)/Trend Scout";
			};
			name = Release;
		};
		FFDCE28D2E5426B900408C90 /* Debug */ = {
			isa = XCBuildConfiguration;
			buildSettings = {
				CODE_SIGN_STYLE = Automatic;
				CURRENT_PROJECT_VERSION = 1;
				DEVELOPMENT_TEAM = 3Y844PZVP4;
				GENERATE_INFOPLIST_FILE = YES;
				MARKETING_VERSION = 1.0;
				PRODUCT_BUNDLE_IDENTIFIER = "AmazingNerds.Trend-ScoutUITests";
				PRODUCT_NAME = "$(TARGET_NAME)";
				SWIFT_EMIT_LOC_STRINGS = NO;
				SWIFT_VERSION = 5.0;
				TARGETED_DEVICE_FAMILY = "1,2";
				TEST_TARGET_NAME = "Trend Scout";
			};
			name = Debug;
		};
		FFDCE28E2E5426B900408C90 /* Release */ = {
			isa = XCBuildConfiguration;
			buildSettings = {
				CODE_SIGN_STYLE = Automatic;
				CURRENT_PROJECT_VERSION = 1;
				DEVELOPMENT_TEAM = 3Y844PZVP4;
				GENERATE_INFOPLIST_FILE = YES;
				MARKETING_VERSION = 1.0;
				PRODUCT_BUNDLE_IDENTIFIER = "AmazingNerds.Trend-ScoutUITests";
				PRODUCT_NAME = "$(TARGET_NAME)";
				SWIFT_EMIT_LOC_STRINGS = NO;
				SWIFT_VERSION = 5.0;
				TARGETED_DEVICE_FAMILY = "1,2";
				TEST_TARGET_NAME = "Trend Scout";
			};
			name = Release;
		};
/* End XCBuildConfiguration section */

/* Begin XCConfigurationList section */
		FFDCE25B2E5426B800408C90 /* Build configuration list for PBXProject "Trend Scout" */ = {
			isa = XCConfigurationList;
			buildConfigurations = (
				FFDCE2842E5426B900408C90 /* Debug */,
				FFDCE2852E5426B900408C90 /* Release */,
			);
			defaultConfigurationIsVisible = 0;
			defaultConfigurationName = Release;
		};
		FFDCE2862E5426B900408C90 /* Build configuration list for PBXNativeTarget "Trend Scout" */ = {
			isa = XCConfigurationList;
			buildConfigurations = (
				FFDCE2872E5426B900408C90 /* Debug */,
				FFDCE2882E5426B900408C90 /* Release */,
			);
			defaultConfigurationIsVisible = 0;
			defaultConfigurationName = Release;
		};
		FFDCE2892E5426B900408C90 /* Build configuration list for PBXNativeTarget "Trend ScoutTests" */ = {
			isa = XCConfigurationList;
			buildConfigurations = (
				FFDCE28A2E5426B900408C90 /* Debug */,
				FFDCE28B2E5426B900408C90 /* Release */,
			);
			defaultConfigurationIsVisible = 0;
			defaultConfigurationName = Release;
		};
		FFDCE28C2E5426B900408C90 /* Build configuration list for PBXNativeTarget "Trend ScoutUITests" */ = {
			isa = XCConfigurationList;
			buildConfigurations = (
				FFDCE28D2E5426B900408C90 /* Debug */,
				FFDCE28E2E5426B900408C90 /* Release */,
			);
			defaultConfigurationIsVisible = 0;
			defaultConfigurationName = Release;
		};
/* End XCConfigurationList section */

/* Begin XCRemoteSwiftPackageReference section */
		FFF407D42E595D2C00BD7E1B /* XCRemoteSwiftPackageReference "supabase-swift" */ = {
			isa = XCRemoteSwiftPackageReference;
			repositoryURL = "https://github.com/supabase-community/supabase-swift.git";
			requirement = {
				kind = upToNextMajorVersion;
				minimumVersion = 2.5.1;
			};
		};
/* End XCRemoteSwiftPackageReference section */

/* Begin XCSwiftPackageProductDependency section */
		FFF407D52E595D2C00BD7E1B /* Supabase */ = {
			isa = XCSwiftPackageProductDependency;
			package = FFF407D42E595D2C00BD7E1B /* XCRemoteSwiftPackageReference "supabase-swift" */;
			productName = Supabase;
		};
/* End XCSwiftPackageProductDependency section */
	};
	rootObject = FFDCE2582E5426B800408C90 /* Project object */;
}
